
Microsoft Visual Studio Solution File, Format Version 12.00
# Visual Studio Version 16
VisualStudioVersion = 16.0.29215.179
MinimumVisualStudioVersion = 10.0.40219.1
Project("{9A19103F-16F7-4668-BE54-9A1E7A4F7556}") = "SiteSearch.Core", "SiteSearch.Core\SiteSearch.Core.csproj", "{F454A313-D1BB-4CAD-BC08-2CB20EF483DC}"
EndProject
Project("{9A19103F-16F7-4668-BE54-9A1E7A4F7556}") = "SiteSearch.Lucene", "SiteSearch.Lucene\SiteSearch.Lucene.csproj", "{043E4002-47E9-4C3F-A11D-9C177048396E}"
EndProject
Project("{FAE04EC0-301F-11D3-BF4B-00C04F79EFBC}") = "SiteSearch.Middleware", "SiteSearch.Middleware\SiteSearch.Middleware.csproj", "{9660DBC4-AF58-4EC1-9C72-5F76827F83F1}"
EndProject
Project("{FAE04EC0-301F-11D3-BF4B-00C04F79EFBC}") = "SiteSearch.Test", "SiteSearch.Test\SiteSearch.Test.csproj", "{65243E0C-D786-4CB4-A1BE-170B6B08EE2C}"
EndProject
Global
	GlobalSection(SolutionConfigurationPlatforms) = preSolution
		Debug|Any CPU = Debug|Any CPU
		Release|Any CPU = Release|Any CPU
	EndGlobalSection
	GlobalSection(ProjectConfigurationPlatforms) = postSolution
		{F454A313-D1BB-4CAD-BC08-2CB20EF483DC}.Debug|Any CPU.ActiveCfg = Debug|Any CPU
		{F454A313-D1BB-4CAD-BC08-2CB20EF483DC}.Debug|Any CPU.Build.0 = Debug|Any CPU
		{F454A313-D1BB-4CAD-BC08-2CB20EF483DC}.Release|Any CPU.ActiveCfg = Release|Any CPU
		{F454A313-D1BB-4CAD-BC08-2CB20EF483DC}.Release|Any CPU.Build.0 = Release|Any CPU
		{043E4002-47E9-4C3F-A11D-9C177048396E}.Debug|Any CPU.ActiveCfg = Debug|Any CPU
		{043E4002-47E9-4C3F-A11D-9C177048396E}.Debug|Any CPU.Build.0 = Debug|Any CPU
		{043E4002-47E9-4C3F-A11D-9C177048396E}.Release|Any CPU.ActiveCfg = Release|Any CPU
		{043E4002-47E9-4C3F-A11D-9C177048396E}.Release|Any CPU.Build.0 = Release|Any CPU
		{9660DBC4-AF58-4EC1-9C72-5F76827F83F1}.Debug|Any CPU.ActiveCfg = Debug|Any CPU
		{9660DBC4-AF58-4EC1-9C72-5F76827F83F1}.Debug|Any CPU.Build.0 = Debug|Any CPU
		{9660DBC4-AF58-4EC1-9C72-5F76827F83F1}.Release|Any CPU.ActiveCfg = Release|Any CPU
		{9660DBC4-AF58-4EC1-9C72-5F76827F83F1}.Release|Any CPU.Build.0 = Release|Any CPU
		{65243E0C-D786-4CB4-A1BE-170B6B08EE2C}.Debug|Any CPU.ActiveCfg = Debug|Any CPU
		{65243E0C-D786-4CB4-A1BE-170B6B08EE2C}.Debug|Any CPU.Build.0 = Debug|Any CPU
		{65243E0C-D786-4CB4-A1BE-170B6B08EE2C}.Release|Any CPU.ActiveCfg = Release|Any CPU
		{65243E0C-D786-4CB4-A1BE-170B6B08EE2C}.Release|Any CPU.Build.0 = Release|Any CPU
	EndGlobalSection
	GlobalSection(SolutionProperties) = preSolution
		HideSolutionNode = FALSE
	EndGlobalSection
	GlobalSection(ExtensibilityGlobals) = postSolution
		SolutionGuid = {8563A054-E91B-4393-8FFA-B3EC7CC71BEA}
	EndGlobalSection
EndGlobal
